
Microsoft Visual Studio Solution File, Format Version 12.00
# Visual Studio Version 16
VisualStudioVersion = 16.0.31321.278
MinimumVisualStudioVersion = 10.0.40219.1
Project("{FAE04EC0-301F-11D3-BF4B-00C04F79EFBC}") = "ShopEvent.Server", "Server\ShopEvent.Server.csproj", "{6A694F3D-4E8A-4FC7-B0CA-12ADC7647325}"
EndProject
Project("{FAE04EC0-301F-11D3-BF4B-00C04F79EFBC}") = "ShopEvent.Client", "Client\ShopEvent.Client.csproj", "{2E3E6561-62C8-4505-A97E-D915D97B342E}"
EndProject
Project("{FAE04EC0-301F-11D3-BF4B-00C04F79EFBC}") = "ShopEvent.Domain", "Shared\ShopEvent.Domain.csproj", "{B021F30E-0A15-4992-875E-BFADF0EBB9D6}"
EndProject
Global
	GlobalSection(SolutionConfigurationPlatforms) = preSolution
		Debug|Any CPU = Debug|Any CPU
		Release|Any CPU = Release|Any CPU
	EndGlobalSection
	GlobalSection(ProjectConfigurationPlatforms) = postSolution
		{6A694F3D-4E8A-4FC7-B0CA-12ADC7647325}.Debug|Any CPU.ActiveCfg = Debug|Any CPU
		{6A694F3D-4E8A-4FC7-B0CA-12ADC7647325}.Debug|Any CPU.Build.0 = Debug|Any CPU
		{6A694F3D-4E8A-4FC7-B0CA-12ADC7647325}.Release|Any CPU.ActiveCfg = Release|Any CPU
		{6A694F3D-4E8A-4FC7-B0CA-12ADC7647325}.Release|Any CPU.Build.0 = Release|Any CPU
		{2E3E6561-62C8-4505-A97E-D915D97B342E}.Debug|Any CPU.ActiveCfg = Debug|Any CPU
		{2E3E6561-62C8-4505-A97E-D915D97B342E}.Debug|Any CPU.Build.0 = Debug|Any CPU
		{2E3E6561-62C8-4505-A97E-D915D97B342E}.Release|Any CPU.ActiveCfg = Release|Any CPU
		{2E3E6561-62C8-4505-A97E-D915D97B342E}.Release|Any CPU.Build.0 = Release|Any CPU
		{B021F30E-0A15-4992-875E-BFADF0EBB9D6}.Debug|Any CPU.ActiveCfg = Debug|Any CPU
		{B021F30E-0A15-4992-875E-BFADF0EBB9D6}.Debug|Any CPU.Build.0 = Debug|Any CPU
		{B021F30E-0A15-4992-875E-BFADF0EBB9D6}.Release|Any CPU.ActiveCfg = Release|Any CPU
		{B021F30E-0A15-4992-875E-BFADF0EBB9D6}.Release|Any CPU.Build.0 = Release|Any CPU
	EndGlobalSection
	GlobalSection(SolutionProperties) = preSolution
		HideSolutionNode = FALSE
	EndGlobalSection
	GlobalSection(ExtensibilityGlobals) = postSolution
		SolutionGuid = {54F40361-41BB-46E2-8666-D2BC91FF5F81}
	EndGlobalSection
EndGlobal
